
Microsoft Visual Studio Solution File, Format Version 12.00
# Visual Studio Version 17
VisualStudioVersion = 17.14.36804.6
MinimumVisualStudioVersion = 10.0.40219.1
Project("{FAE04EC0-301F-11D3-BF4B-00C04F79EFBC}") = "BlazorApp", "BlazorApp\BlazorApp.csproj", "{D120649D-2906-09DD-7896-0626A755FFF4}"
EndProject
Project("{FAE04EC0-301F-11D3-BF4B-00C04F79EFBC}") = "TodoApp", "TodoApp\TodoApp.csproj", "{21CAF159-F9E5-4920-9952-D392B862938B}"
EndProject
Project("{FAE04EC0-301F-11D3-BF4B-00C04F79EFBC}") = "Product.Api", "Product.Api\Product.Api.csproj", "{859071F2-69C0-51C5-C28C-18CAA6EBD1C5}"
EndProject
Project("{FAE04EC0-301F-11D3-BF4B-00C04F79EFBC}") = "Product.Client", "Product.Client\Product.Client.csproj", "{CD008B43-65D7-98A4-A248-0222BADDE13A}"
EndProject
Project("{FAE04EC0-301F-11D3-BF4B-00C04F79EFBC}") = "Product.Domain", "Product.Domain\Product.Domain.csproj", "{74ECB62D-B3D4-D32A-293C-8421E226C506}"
EndProject
Project("{2150E333-8FDC-42A3-9474-1A3956D46DE8}") = "Product_Exo", "Product_Exo", "{02EA681E-C7D8-13C7-8484-4AC65E1B71E8}"
EndProject
Global
	GlobalSection(SolutionConfigurationPlatforms) = preSolution
		Debug|Any CPU = Debug|Any CPU
		Release|Any CPU = Release|Any CPU
	EndGlobalSection
	GlobalSection(ProjectConfigurationPlatforms) = postSolution
		{D120649D-2906-09DD-7896-0626A755FFF4}.Debug|Any CPU.ActiveCfg = Debug|Any CPU
		{D120649D-2906-09DD-7896-0626A755FFF4}.Debug|Any CPU.Build.0 = Debug|Any CPU
		{D120649D-2906-09DD-7896-0626A755FFF4}.Release|Any CPU.ActiveCfg = Release|Any CPU
		{D120649D-2906-09DD-7896-0626A755FFF4}.Release|Any CPU.Build.0 = Release|Any CPU
		{21CAF159-F9E5-4920-9952-D392B862938B}.Debug|Any CPU.ActiveCfg = Debug|Any CPU
		{21CAF159-F9E5-4920-9952-D392B862938B}.Debug|Any CPU.Build.0 = Debug|Any CPU
		{21CAF159-F9E5-4920-9952-D392B862938B}.Release|Any CPU.ActiveCfg = Release|Any CPU
		{21CAF159-F9E5-4920-9952-D392B862938B}.Release|Any CPU.Build.0 = Release|Any CPU
		{859071F2-69C0-51C5-C28C-18CAA6EBD1C5}.Debug|Any CPU.ActiveCfg = Debug|Any CPU
		{859071F2-69C0-51C5-C28C-18CAA6EBD1C5}.Debug|Any CPU.Build.0 = Debug|Any CPU
		{859071F2-69C0-51C5-C28C-18CAA6EBD1C5}.Release|Any CPU.ActiveCfg = Release|Any CPU
		{859071F2-69C0-51C5-C28C-18CAA6EBD1C5}.Release|Any CPU.Build.0 = Release|Any CPU
		{CD008B43-65D7-98A4-A248-0222BADDE13A}.Debug|Any CPU.ActiveCfg = Debug|Any CPU
		{CD008B43-65D7-98A4-A248-0222BADDE13A}.Debug|Any CPU.Build.0 = Debug|Any CPU
		{CD008B43-65D7-98A4-A248-0222BADDE13A}.Release|Any CPU.ActiveCfg = Release|Any CPU
		{CD008B43-65D7-98A4-A248-0222BADDE13A}.Release|Any CPU.Build.0 = Release|Any CPU
		{74ECB62D-B3D4-D32A-293C-8421E226C506}.Debug|Any CPU.ActiveCfg = Debug|Any CPU
		{74ECB62D-B3D4-D32A-293C-8421E226C506}.Debug|Any CPU.Build.0 = Debug|Any CPU
		{74ECB62D-B3D4-D32A-293C-8421E226C506}.Release|Any CPU.ActiveCfg = Release|Any CPU
		{74ECB62D-B3D4-D32A-293C-8421E226C506}.Release|Any CPU.Build.0 = Release|Any CPU
	EndGlobalSection
	GlobalSection(SolutionProperties) = preSolution
		HideSolutionNode = FALSE
	EndGlobalSection
	GlobalSection(NestedProjects) = preSolution
		{859071F2-69C0-51C5-C28C-18CAA6EBD1C5} = {02EA681E-C7D8-13C7-8484-4AC65E1B71E8}
		{CD008B43-65D7-98A4-A248-0222BADDE13A} = {02EA681E-C7D8-13C7-8484-4AC65E1B71E8}
		{74ECB62D-B3D4-D32A-293C-8421E226C506} = {02EA681E-C7D8-13C7-8484-4AC65E1B71E8}
	EndGlobalSection
	GlobalSection(ExtensibilityGlobals) = postSolution
		SolutionGuid = {D7A1435A-D6CC-4192-81B1-D3B3919DC803}
	EndGlobalSection
EndGlobal
