
Microsoft Visual Studio Solution File, Format Version 12.00
# Visual Studio Version 17
VisualStudioVersion = 17.0.31903.59
MinimumVisualStudioVersion = 10.0.40219.1
Project("{2150E333-8FDC-42A3-9474-1A3956D46DE8}") = "src", "src", "{827E0CD3-B72D-47B6-A68D-7590B98EB39B}"
EndProject
Project("{FAE04EC0-301F-11D3-BF4B-00C04F79EFBC}") = "ConsulationService", "src\PatientService\ConsulationService.csproj", "{086BDF6D-DBCD-4EEF-9F02-0D1D32493359}"
EndProject
Project("{FAE04EC0-301F-11D3-BF4B-00C04F79EFBC}") = "PatientService", "src\ConsultationService\PatientService.csproj", "{5D03240E-E34B-4EB0-BD38-1E8930AA0566}"
EndProject
Project("{FAE04EC0-301F-11D3-BF4B-00C04F79EFBC}") = "PrescriptionService", "src\PrescriptionService\PrescriptionService.csproj", "{3B6877F9-9BF8-4056-98D3-DD6458901E74}"
EndProject
Project("{FAE04EC0-301F-11D3-BF4B-00C04F79EFBC}") = "HealthDashboardService", "src\HealthDashboardService\HealthDashboardService.csproj", "{099D4E19-DDEA-4105-8CD9-CDB609C2528F}"
EndProject
Global
	GlobalSection(SolutionConfigurationPlatforms) = preSolution
		Debug|Any CPU = Debug|Any CPU
		Debug|x64 = Debug|x64
		Debug|x86 = Debug|x86
		Release|Any CPU = Release|Any CPU
		Release|x64 = Release|x64
		Release|x86 = Release|x86
	EndGlobalSection
	GlobalSection(ProjectConfigurationPlatforms) = postSolution
		{086BDF6D-DBCD-4EEF-9F02-0D1D32493359}.Debug|Any CPU.ActiveCfg = Debug|Any CPU
		{086BDF6D-DBCD-4EEF-9F02-0D1D32493359}.Debug|Any CPU.Build.0 = Debug|Any CPU
		{086BDF6D-DBCD-4EEF-9F02-0D1D32493359}.Debug|x64.ActiveCfg = Debug|Any CPU
		{086BDF6D-DBCD-4EEF-9F02-0D1D32493359}.Debug|x64.Build.0 = Debug|Any CPU
		{086BDF6D-DBCD-4EEF-9F02-0D1D32493359}.Debug|x86.ActiveCfg = Debug|Any CPU
		{086BDF6D-DBCD-4EEF-9F02-0D1D32493359}.Debug|x86.Build.0 = Debug|Any CPU
		{086BDF6D-DBCD-4EEF-9F02-0D1D32493359}.Release|Any CPU.ActiveCfg = Release|Any CPU
		{086BDF6D-DBCD-4EEF-9F02-0D1D32493359}.Release|Any CPU.Build.0 = Release|Any CPU
		{086BDF6D-DBCD-4EEF-9F02-0D1D32493359}.Release|x64.ActiveCfg = Release|Any CPU
		{086BDF6D-DBCD-4EEF-9F02-0D1D32493359}.Release|x64.Build.0 = Release|Any CPU
		{086BDF6D-DBCD-4EEF-9F02-0D1D32493359}.Release|x86.ActiveCfg = Release|Any CPU
		{086BDF6D-DBCD-4EEF-9F02-0D1D32493359}.Release|x86.Build.0 = Release|Any CPU
		{5D03240E-E34B-4EB0-BD38-1E8930AA0566}.Debug|Any CPU.ActiveCfg = Debug|Any CPU
		{5D03240E-E34B-4EB0-BD38-1E8930AA0566}.Debug|Any CPU.Build.0 = Debug|Any CPU
		{5D03240E-E34B-4EB0-BD38-1E8930AA0566}.Debug|x64.ActiveCfg = Debug|Any CPU
		{5D03240E-E34B-4EB0-BD38-1E8930AA0566}.Debug|x64.Build.0 = Debug|Any CPU
		{5D03240E-E34B-4EB0-BD38-1E8930AA0566}.Debug|x86.ActiveCfg = Debug|Any CPU
		{5D03240E-E34B-4EB0-BD38-1E8930AA0566}.Debug|x86.Build.0 = Debug|Any CPU
		{5D03240E-E34B-4EB0-BD38-1E8930AA0566}.Release|Any CPU.ActiveCfg = Release|Any CPU
		{5D03240E-E34B-4EB0-BD38-1E8930AA0566}.Release|Any CPU.Build.0 = Release|Any CPU
		{5D03240E-E34B-4EB0-BD38-1E8930AA0566}.Release|x64.ActiveCfg = Release|Any CPU
		{5D03240E-E34B-4EB0-BD38-1E8930AA0566}.Release|x64.Build.0 = Release|Any CPU
		{5D03240E-E34B-4EB0-BD38-1E8930AA0566}.Release|x86.ActiveCfg = Release|Any CPU
		{5D03240E-E34B-4EB0-BD38-1E8930AA0566}.Release|x86.Build.0 = Release|Any CPU
		{3B6877F9-9BF8-4056-98D3-DD6458901E74}.Debug|Any CPU.ActiveCfg = Debug|Any CPU
		{3B6877F9-9BF8-4056-98D3-DD6458901E74}.Debug|Any CPU.Build.0 = Debug|Any CPU
		{3B6877F9-9BF8-4056-98D3-DD6458901E74}.Debug|x64.ActiveCfg = Debug|Any CPU
		{3B6877F9-9BF8-4056-98D3-DD6458901E74}.Debug|x64.Build.0 = Debug|Any CPU
		{3B6877F9-9BF8-4056-98D3-DD6458901E74}.Debug|x86.ActiveCfg = Debug|Any CPU
		{3B6877F9-9BF8-4056-98D3-DD6458901E74}.Debug|x86.Build.0 = Debug|Any CPU
		{3B6877F9-9BF8-4056-98D3-DD6458901E74}.Release|Any CPU.ActiveCfg = Release|Any CPU
		{3B6877F9-9BF8-4056-98D3-DD6458901E74}.Release|Any CPU.Build.0 = Release|Any CPU
		{3B6877F9-9BF8-4056-98D3-DD6458901E74}.Release|x64.ActiveCfg = Release|Any CPU
		{3B6877F9-9BF8-4056-98D3-DD6458901E74}.Release|x64.Build.0 = Release|Any CPU
		{3B6877F9-9BF8-4056-98D3-DD6458901E74}.Release|x86.ActiveCfg = Release|Any CPU
		{3B6877F9-9BF8-4056-98D3-DD6458901E74}.Release|x86.Build.0 = Release|Any CPU
		{099D4E19-DDEA-4105-8CD9-CDB609C2528F}.Debug|Any CPU.ActiveCfg = Debug|Any CPU
		{099D4E19-DDEA-4105-8CD9-CDB609C2528F}.Debug|Any CPU.Build.0 = Debug|Any CPU
		{099D4E19-DDEA-4105-8CD9-CDB609C2528F}.Debug|x64.ActiveCfg = Debug|Any CPU
		{099D4E19-DDEA-4105-8CD9-CDB609C2528F}.Debug|x64.Build.0 = Debug|Any CPU
		{099D4E19-DDEA-4105-8CD9-CDB609C2528F}.Debug|x86.ActiveCfg = Debug|Any CPU
		{099D4E19-DDEA-4105-8CD9-CDB609C2528F}.Debug|x86.Build.0 = Debug|Any CPU
		{099D4E19-DDEA-4105-8CD9-CDB609C2528F}.Release|Any CPU.ActiveCfg = Release|Any CPU
		{099D4E19-DDEA-4105-8CD9-CDB609C2528F}.Release|Any CPU.Build.0 = Release|Any CPU
		{099D4E19-DDEA-4105-8CD9-CDB609C2528F}.Release|x64.ActiveCfg = Release|Any CPU
		{099D4E19-DDEA-4105-8CD9-CDB609C2528F}.Release|x64.Build.0 = Release|Any CPU
		{099D4E19-DDEA-4105-8CD9-CDB609C2528F}.Release|x86.ActiveCfg = Release|Any CPU
		{099D4E19-DDEA-4105-8CD9-CDB609C2528F}.Release|x86.Build.0 = Release|Any CPU
	EndGlobalSection
	GlobalSection(SolutionProperties) = preSolution
		HideSolutionNode = FALSE
	EndGlobalSection
	GlobalSection(NestedProjects) = preSolution
		{086BDF6D-DBCD-4EEF-9F02-0D1D32493359} = {827E0CD3-B72D-47B6-A68D-7590B98EB39B}
		{5D03240E-E34B-4EB0-BD38-1E8930AA0566} = {827E0CD3-B72D-47B6-A68D-7590B98EB39B}
		{3B6877F9-9BF8-4056-98D3-DD6458901E74} = {827E0CD3-B72D-47B6-A68D-7590B98EB39B}
		{099D4E19-DDEA-4105-8CD9-CDB609C2528F} = {827E0CD3-B72D-47B6-A68D-7590B98EB39B}
	EndGlobalSection
	GlobalSection(ExtensibilityGlobals) = postSolution
		SolutionGuid = {38EBDFB2-7359-4090-BF09-4103C8BBF42D}
	EndGlobalSection
EndGlobal
